
Microsoft Visual Studio Solution File, Format Version 12.00
# Visual Studio Version 17
Project("{8BC9CEB8-8B4A-11D0-8D11-00A0C91BC942}") = "ALL_BUILD", "ALL_BUILD.vcxproj", "{013528C8-29EF-327A-B2F9-AA3EE24345C2}"
	ProjectSection(ProjectDependencies) = postProject
		{4CC937A8-041C-3102-83BA-513D3ED66FDD} = {4CC937A8-041C-3102-83BA-513D3ED66FDD}
		{6C76C724-3AF5-36CB-9669-93E7102C8FB0} = {6C76C724-3AF5-36CB-9669-93E7102C8FB0}
		{74599935-0FA8-365C-9E0B-8E77FCE77D4D} = {74599935-0FA8-365C-9E0B-8E77FCE77D4D}
	EndProjectSection
EndProject
Project("{8BC9CEB8-8B4A-11D0-8D11-00A0C91BC942}") = "INSTALL", "INSTALL.vcxproj", "{8F3DB3CA-33D3-3D61-AAAD-7B9C3F25E32C}"
	ProjectSection(ProjectDependencies) = postProject
		{013528C8-29EF-327A-B2F9-AA3EE24345C2} = {013528C8-29EF-327A-B2F9-AA3EE24345C2}
		{74599935-0FA8-365C-9E0B-8E77FCE77D4D} = {74599935-0FA8-365C-9E0B-8E77FCE77D4D}
	EndProjectSection
EndProject
Project("{8BC9CEB8-8B4A-11D0-8D11-00A0C91BC942}") = "MAIN_1", "MAIN_1.vcxproj", "{4CC937A8-041C-3102-83BA-513D3ED66FDD}"
	ProjectSection(ProjectDependencies) = postProject
		{74599935-0FA8-365C-9E0B-8E77FCE77D4D} = {74599935-0FA8-365C-9E0B-8E77FCE77D4D}
	EndProjectSection
EndProject
Project("{8BC9CEB8-8B4A-11D0-8D11-00A0C91BC942}") = "Source134", "Source134.vcxproj", "{6C76C724-3AF5-36CB-9669-93E7102C8FB0}"
	ProjectSection(ProjectDependencies) = postProject
		{74599935-0FA8-365C-9E0B-8E77FCE77D4D} = {74599935-0FA8-365C-9E0B-8E77FCE77D4D}
	EndProjectSection
EndProject
Project("{8BC9CEB8-8B4A-11D0-8D11-00A0C91BC942}") = "ZERO_CHECK", "ZERO_CHECK.vcxproj", "{74599935-0FA8-365C-9E0B-8E77FCE77D4D}"
	ProjectSection(ProjectDependencies) = postProject
	EndProjectSection
EndProject
Global
	GlobalSection(SolutionConfigurationPlatforms) = preSolution
		Debug|x64 = Debug|x64
		Release|x64 = Release|x64
		MinSizeRel|x64 = MinSizeRel|x64
		RelWithDebInfo|x64 = RelWithDebInfo|x64
	EndGlobalSection
	GlobalSection(ProjectConfigurationPlatforms) = postSolution
		{013528C8-29EF-327A-B2F9-AA3EE24345C2}.Debug|x64.ActiveCfg = Debug|x64
		{013528C8-29EF-327A-B2F9-AA3EE24345C2}.Debug|x64.Build.0 = Debug|x64
		{013528C8-29EF-327A-B2F9-AA3EE24345C2}.Release|x64.ActiveCfg = Release|x64
		{013528C8-29EF-327A-B2F9-AA3EE24345C2}.Release|x64.Build.0 = Release|x64
		{013528C8-29EF-327A-B2F9-AA3EE24345C2}.MinSizeRel|x64.ActiveCfg = MinSizeRel|x64
		{013528C8-29EF-327A-B2F9-AA3EE24345C2}.MinSizeRel|x64.Build.0 = MinSizeRel|x64
		{013528C8-29EF-327A-B2F9-AA3EE24345C2}.RelWithDebInfo|x64.ActiveCfg = RelWithDebInfo|x64
		{013528C8-29EF-327A-B2F9-AA3EE24345C2}.RelWithDebInfo|x64.Build.0 = RelWithDebInfo|x64
		{8F3DB3CA-33D3-3D61-AAAD-7B9C3F25E32C}.Debug|x64.ActiveCfg = Debug|x64
		{8F3DB3CA-33D3-3D61-AAAD-7B9C3F25E32C}.Release|x64.ActiveCfg = Release|x64
		{8F3DB3CA-33D3-3D61-AAAD-7B9C3F25E32C}.MinSizeRel|x64.ActiveCfg = MinSizeRel|x64
		{8F3DB3CA-33D3-3D61-AAAD-7B9C3F25E32C}.RelWithDebInfo|x64.ActiveCfg = RelWithDebInfo|x64
		{4CC937A8-041C-3102-83BA-513D3ED66FDD}.Debug|x64.ActiveCfg = Debug|x64
		{4CC937A8-041C-3102-83BA-513D3ED66FDD}.Debug|x64.Build.0 = Debug|x64
		{4CC937A8-041C-3102-83BA-513D3ED66FDD}.Release|x64.ActiveCfg = Release|x64
		{4CC937A8-041C-3102-83BA-513D3ED66FDD}.Release|x64.Build.0 = Release|x64
		{4CC937A8-041C-3102-83BA-513D3ED66FDD}.MinSizeRel|x64.ActiveCfg = MinSizeRel|x64
		{4CC937A8-041C-3102-83BA-513D3ED66FDD}.MinSizeRel|x64.Build.0 = MinSizeRel|x64
		{4CC937A8-041C-3102-83BA-513D3ED66FDD}.RelWithDebInfo|x64.ActiveCfg = RelWithDebInfo|x64
		{4CC937A8-041C-3102-83BA-513D3ED66FDD}.RelWithDebInfo|x64.Build.0 = RelWithDebInfo|x64
		{6C76C724-3AF5-36CB-9669-93E7102C8FB0}.Debug|x64.ActiveCfg = Debug|x64
		{6C76C724-3AF5-36CB-9669-93E7102C8FB0}.Debug|x64.Build.0 = Debug|x64
		{6C76C724-3AF5-36CB-9669-93E7102C8FB0}.Release|x64.ActiveCfg = Release|x64
		{6C76C724-3AF5-36CB-9669-93E7102C8FB0}.Release|x64.Build.0 = Release|x64
		{6C76C724-3AF5-36CB-9669-93E7102C8FB0}.MinSizeRel|x64.ActiveCfg = MinSizeRel|x64
		{6C76C724-3AF5-36CB-9669-93E7102C8FB0}.MinSizeRel|x64.Build.0 = MinSizeRel|x64
		{6C76C724-3AF5-36CB-9669-93E7102C8FB0}.RelWithDebInfo|x64.ActiveCfg = RelWithDebInfo|x64
		{6C76C724-3AF5-36CB-9669-93E7102C8FB0}.RelWithDebInfo|x64.Build.0 = RelWithDebInfo|x64
		{74599935-0FA8-365C-9E0B-8E77FCE77D4D}.Debug|x64.ActiveCfg = Debug|x64
		{74599935-0FA8-365C-9E0B-8E77FCE77D4D}.Debug|x64.Build.0 = Debug|x64
		{74599935-0FA8-365C-9E0B-8E77FCE77D4D}.Release|x64.ActiveCfg = Release|x64
		{74599935-0FA8-365C-9E0B-8E77FCE77D4D}.Release|x64.Build.0 = Release|x64
		{74599935-0FA8-365C-9E0B-8E77FCE77D4D}.MinSizeRel|x64.ActiveCfg = MinSizeRel|x64
		{74599935-0FA8-365C-9E0B-8E77FCE77D4D}.MinSizeRel|x64.Build.0 = MinSizeRel|x64
		{74599935-0FA8-365C-9E0B-8E77FCE77D4D}.RelWithDebInfo|x64.ActiveCfg = RelWithDebInfo|x64
		{74599935-0FA8-365C-9E0B-8E77FCE77D4D}.RelWithDebInfo|x64.Build.0 = RelWithDebInfo|x64
	EndGlobalSection
	GlobalSection(ExtensibilityGlobals) = postSolution
		SolutionGuid = {03877F26-A9E2-3AEC-9B58-BDECA448C8E4}
	EndGlobalSection
	GlobalSection(ExtensibilityAddIns) = postSolution
	EndGlobalSection
EndGlobal
